// !$*UTF8*$!
{
	archiveVersion = 1;
	classes = {
	};
	objectVersion = 48;
	objects = {

/* Begin PBXBuildFile section */
		05FBA4677B0687ACE57FB6E6 /* Pods_MLPaymentProcessTests.framework in Frameworks */ = {isa = PBXBuildFile; fileRef = FDE2E0584BD6DCE96D7F8637 /* Pods_MLPaymentProcessTests.framework */; };
		45BAF155F36F639CE4B39E27 /* MLPaymentTypeViewCell.swift in Sources */ = {isa = PBXBuildFile; fileRef = 45BAF4B8F67D29D09BC4BACB /* MLPaymentTypeViewCell.swift */; };
		45BAF18C43EB010841C7B3CD /* MLPaymentTypeViewController.swift in Sources */ = {isa = PBXBuildFile; fileRef = 45BAF63472D3F3F76B881578 /* MLPaymentTypeViewController.swift */; };
		45BAF20995E70B769FD6F95A /* MLInitialView.xib in Resources */ = {isa = PBXBuildFile; fileRef = 45BAFB7A1931FCF38088E1DD /* MLInitialView.xib */; };
		45BAF21C4C5EE562CD61A8C8 /* MLFlowController.swift in Sources */ = {isa = PBXBuildFile; fileRef = 45BAF0D99A81164E91684783 /* MLFlowController.swift */; };
		45BAF2CF98F980B492DEC969 /* MLNavigationControllerMock.swift in Sources */ = {isa = PBXBuildFile; fileRef = 45BAF051DCFD2A8BA39CEEFC /* MLNavigationControllerMock.swift */; };
		45BAF2FFE8328F67F056454F /* MLPaymentStepViewModel.swift in Sources */ = {isa = PBXBuildFile; fileRef = 45BAFEAF2DD01BECB41A188E /* MLPaymentStepViewModel.swift */; };
		45BAF36F313C7D5E9361B5EA /* MLPaymentTypeService.swift in Sources */ = {isa = PBXBuildFile; fileRef = 45BAF42D4B25ABF162254625 /* MLPaymentTypeService.swift */; };
		45BAF393AA48C4B43DEAEA68 /* MLPaymentTypeRequest.swift in Sources */ = {isa = PBXBuildFile; fileRef = 45BAF961D01358A6C6C4CA1E /* MLPaymentTypeRequest.swift */; };
		45BAF3DB2C398CCE82BE7D9B /* MLInitialViewModelTest.swift in Sources */ = {isa = PBXBuildFile; fileRef = 45BAFF8C0B18A00FC0CA2365 /* MLInitialViewModelTest.swift */; };
		45BAF47D8CE9CED362E3CB68 /* MLGlobalModels.swift in Sources */ = {isa = PBXBuildFile; fileRef = 45BAF7C52D53D3BE99605E18 /* MLGlobalModels.swift */; };
		45BAF4BDF1F027F61404FF16 /* MLService.swift in Sources */ = {isa = PBXBuildFile; fileRef = 45BAF26F8FD4344500D78CF0 /* MLService.swift */; };
		45BAF61D44C377B74623346F /* MLPaymentTypeViewModel.swift in Sources */ = {isa = PBXBuildFile; fileRef = 45BAF8E54AA250395215AEE8 /* MLPaymentTypeViewModel.swift */; };
		45BAF65F9C8385FAB570CAA6 /* MLInitialViewController.swift in Sources */ = {isa = PBXBuildFile; fileRef = 45BAFBB314E6287CCAF111EA /* MLInitialViewController.swift */; };
		45BAF876774648F443EC2517 /* MLFlowControllerTest.swift in Sources */ = {isa = PBXBuildFile; fileRef = 45BAF3002C1B703F744E3658 /* MLFlowControllerTest.swift */; };
		45BAF8AA35C12E8AA6DA8176 /* MLInitialView.swift in Sources */ = {isa = PBXBuildFile; fileRef = 45BAFB84F0C27750779ACA10 /* MLInitialView.swift */; };
		45BAF8CFEFAD6A03B6609AC1 /* MLPaymentTypeView.swift in Sources */ = {isa = PBXBuildFile; fileRef = 45BAFF4BE473D3CDFCD17D23 /* MLPaymentTypeView.swift */; };
		45BAF8D34AD702C7DD70376D /* MLDesignableView.swift in Sources */ = {isa = PBXBuildFile; fileRef = 45BAF39F3AC70CB002014633 /* MLDesignableView.swift */; };
		45BAF94052E138F11255413A /* MLInitialViewModel.swift in Sources */ = {isa = PBXBuildFile; fileRef = 45BAF0CAC86EB90913568E52 /* MLInitialViewModel.swift */; };
		45BAFA6C064D2ABA3A839B25 /* MLContinueButtonView.swift in Sources */ = {isa = PBXBuildFile; fileRef = 45BAFBB311CE77A9339F801A /* MLContinueButtonView.swift */; };
		45BAFB9A83EF2CDF35DEBEE8 /* MLUserPaymentInfo.swift in Sources */ = {isa = PBXBuildFile; fileRef = 45BAF4FE630B25F02D1A65DE /* MLUserPaymentInfo.swift */; };
		45BAFBA93B41D4EFD33CA23D /* MLServiceConfig.swift in Sources */ = {isa = PBXBuildFile; fileRef = 45BAFFE13DBD2407E2386CC8 /* MLServiceConfig.swift */; };
		45BAFCAA2E744E438C6CB1FB /* MLServiceTest.swift in Sources */ = {isa = PBXBuildFile; fileRef = 45BAFAFBA9DF85DA62B71272 /* MLServiceTest.swift */; };
		45BAFD5C28CFD331BD918436 /* MLPaymentTypeServiceTest.swift in Sources */ = {isa = PBXBuildFile; fileRef = 45BAF243B9CAA60420B5749D /* MLPaymentTypeServiceTest.swift */; };
		45BAFD7FA245E568EA105241 /* UITextFieldExtension.swift in Sources */ = {isa = PBXBuildFile; fileRef = 45BAF8BEFEA036B273A862ED /* UITextFieldExtension.swift */; };
		45BAFFCC5C8E6420EC5E5CFF /* MLPaymentType.swift in Sources */ = {isa = PBXBuildFile; fileRef = 45BAFA885785FFF8DF2854EE /* MLPaymentType.swift */; };
		48024EF61FB3997300733DE7 /* paymentType.json in Resources */ = {isa = PBXBuildFile; fileRef = 48024EF51FB3997300733DE7 /* paymentType.json */; };
		482E01B01FB2A3DA004EC27D /* MLPaymentTypeViewCell.xib in Resources */ = {isa = PBXBuildFile; fileRef = 482E01AF1FB2A3DA004EC27D /* MLPaymentTypeViewCell.xib */; };
		48BE3D4D1FAFA8A600A8D7C5 /* AppDelegate.swift in Sources */ = {isa = PBXBuildFile; fileRef = 48BE3D4C1FAFA8A600A8D7C5 /* AppDelegate.swift */; };
		48BE3D4F1FAFA8A600A8D7C5 /* ViewController.swift in Sources */ = {isa = PBXBuildFile; fileRef = 48BE3D4E1FAFA8A600A8D7C5 /* ViewController.swift */; };
		48BE3D541FAFA8A600A8D7C5 /* Assets.xcassets in Resources */ = {isa = PBXBuildFile; fileRef = 48BE3D531FAFA8A600A8D7C5 /* Assets.xcassets */; };
		48BE3D571FAFA8A600A8D7C5 /* LaunchScreen.storyboard in Resources */ = {isa = PBXBuildFile; fileRef = 48BE3D551FAFA8A600A8D7C5 /* LaunchScreen.storyboard */; };
		48BE3D621FAFA8A600A8D7C5 /* MLPaymentProcessTests.swift in Sources */ = {isa = PBXBuildFile; fileRef = 48BE3D611FAFA8A600A8D7C5 /* MLPaymentProcessTests.swift */; };
		48BE3D6F1FAFB7C400A8D7C5 /* MLContinueButtonView.xib in Resources */ = {isa = PBXBuildFile; fileRef = 48BE3D6E1FAFB7C400A8D7C5 /* MLContinueButtonView.xib */; };
		48D57DFE1FB153D6004EE3F4 /* MLPaymentTypeView.xib in Resources */ = {isa = PBXBuildFile; fileRef = 48D57DFD1FB153D6004EE3F4 /* MLPaymentTypeView.xib */; };
		89A40E6754459449B5B1F0E1 /* Pods_MLPaymentProcess.framework in Frameworks */ = {isa = PBXBuildFile; fileRef = 44506CF00BCEC940965D6D1D /* Pods_MLPaymentProcess.framework */; };
/* End PBXBuildFile section */

/* Begin PBXContainerItemProxy section */
		48BE3D5E1FAFA8A600A8D7C5 /* PBXContainerItemProxy */ = {
			isa = PBXContainerItemProxy;
			containerPortal = 48BE3D411FAFA8A500A8D7C5 /* Project object */;
			proxyType = 1;
			remoteGlobalIDString = 48BE3D481FAFA8A500A8D7C5;
			remoteInfo = MLPaymentProcess;
		};
/* End PBXContainerItemProxy section */

/* Begin PBXFileReference section */
		39EBECAC1956543E2BAA5487 /* Pods-MLPaymentProcessTests.release.xcconfig */ = {isa = PBXFileReference; includeInIndex = 1; lastKnownFileType = text.xcconfig; name = "Pods-MLPaymentProcessTests.release.xcconfig"; path = "Pods/Target Support Files/Pods-MLPaymentProcessTests/Pods-MLPaymentProcessTests.release.xcconfig"; sourceTree = "<group>"; };
		3C222686C4843F0FCF00EFB8 /* Pods-MLPaymentProcessTests.debug.xcconfig */ = {isa = PBXFileReference; includeInIndex = 1; lastKnownFileType = text.xcconfig; name = "Pods-MLPaymentProcessTests.debug.xcconfig"; path = "Pods/Target Support Files/Pods-MLPaymentProcessTests/Pods-MLPaymentProcessTests.debug.xcconfig"; sourceTree = "<group>"; };
		44506CF00BCEC940965D6D1D /* Pods_MLPaymentProcess.framework */ = {isa = PBXFileReference; explicitFileType = wrapper.framework; includeInIndex = 0; path = Pods_MLPaymentProcess.framework; sourceTree = BUILT_PRODUCTS_DIR; };
		45BAF051DCFD2A8BA39CEEFC /* MLNavigationControllerMock.swift */ = {isa = PBXFileReference; fileEncoding = 4; lastKnownFileType = sourcecode.swift; path = MLNavigationControllerMock.swift; sourceTree = "<group>"; };
		45BAF0CAC86EB90913568E52 /* MLInitialViewModel.swift */ = {isa = PBXFileReference; fileEncoding = 4; lastKnownFileType = sourcecode.swift; path = MLInitialViewModel.swift; sourceTree = "<group>"; };
		45BAF0D99A81164E91684783 /* MLFlowController.swift */ = {isa = PBXFileReference; fileEncoding = 4; lastKnownFileType = sourcecode.swift; path = MLFlowController.swift; sourceTree = "<group>"; };
		45BAF243B9CAA60420B5749D /* MLPaymentTypeServiceTest.swift */ = {isa = PBXFileReference; fileEncoding = 4; lastKnownFileType = sourcecode.swift; path = MLPaymentTypeServiceTest.swift; sourceTree = "<group>"; };
		45BAF26F8FD4344500D78CF0 /* MLService.swift */ = {isa = PBXFileReference; fileEncoding = 4; lastKnownFileType = sourcecode.swift; path = MLService.swift; sourceTree = "<group>"; };
		45BAF3002C1B703F744E3658 /* MLFlowControllerTest.swift */ = {isa = PBXFileReference; fileEncoding = 4; lastKnownFileType = sourcecode.swift; path = MLFlowControllerTest.swift; sourceTree = "<group>"; };
		45BAF39F3AC70CB002014633 /* MLDesignableView.swift */ = {isa = PBXFileReference; fileEncoding = 4; lastKnownFileType = sourcecode.swift; path = MLDesignableView.swift; sourceTree = "<group>"; };
		45BAF42D4B25ABF162254625 /* MLPaymentTypeService.swift */ = {isa = PBXFileReference; fileEncoding = 4; lastKnownFileType = sourcecode.swift; path = MLPaymentTypeService.swift; sourceTree = "<group>"; };
		45BAF4B8F67D29D09BC4BACB /* MLPaymentTypeViewCell.swift */ = {isa = PBXFileReference; fileEncoding = 4; lastKnownFileType = sourcecode.swift; path = MLPaymentTypeViewCell.swift; sourceTree = "<group>"; };
		45BAF4FE630B25F02D1A65DE /* MLUserPaymentInfo.swift */ = {isa = PBXFileReference; fileEncoding = 4; lastKnownFileType = sourcecode.swift; path = MLUserPaymentInfo.swift; sourceTree = "<group>"; };
		45BAF63472D3F3F76B881578 /* MLPaymentTypeViewController.swift */ = {isa = PBXFileReference; fileEncoding = 4; lastKnownFileType = sourcecode.swift; path = MLPaymentTypeViewController.swift; sourceTree = "<group>"; };
		45BAF7C52D53D3BE99605E18 /* MLGlobalModels.swift */ = {isa = PBXFileReference; fileEncoding = 4; lastKnownFileType = sourcecode.swift; path = MLGlobalModels.swift; sourceTree = "<group>"; };
		45BAF8BEFEA036B273A862ED /* UITextFieldExtension.swift */ = {isa = PBXFileReference; fileEncoding = 4; lastKnownFileType = sourcecode.swift; path = UITextFieldExtension.swift; sourceTree = "<group>"; };
		45BAF8E54AA250395215AEE8 /* MLPaymentTypeViewModel.swift */ = {isa = PBXFileReference; fileEncoding = 4; lastKnownFileType = sourcecode.swift; path = MLPaymentTypeViewModel.swift; sourceTree = "<group>"; };
		45BAF961D01358A6C6C4CA1E /* MLPaymentTypeRequest.swift */ = {isa = PBXFileReference; fileEncoding = 4; lastKnownFileType = sourcecode.swift; path = MLPaymentTypeRequest.swift; sourceTree = "<group>"; };
		45BAFA885785FFF8DF2854EE /* MLPaymentType.swift */ = {isa = PBXFileReference; fileEncoding = 4; lastKnownFileType = sourcecode.swift; path = MLPaymentType.swift; sourceTree = "<group>"; };
		45BAFAFBA9DF85DA62B71272 /* MLServiceTest.swift */ = {isa = PBXFileReference; fileEncoding = 4; lastKnownFileType = sourcecode.swift; path = MLServiceTest.swift; sourceTree = "<group>"; };
		45BAFB7A1931FCF38088E1DD /* MLInitialView.xib */ = {isa = PBXFileReference; lastKnownFileType = file.xib; path = MLInitialView.xib; sourceTree = "<group>"; };
		45BAFB84F0C27750779ACA10 /* MLInitialView.swift */ = {isa = PBXFileReference; fileEncoding = 4; lastKnownFileType = sourcecode.swift; path = MLInitialView.swift; sourceTree = "<group>"; };
		45BAFBB311CE77A9339F801A /* MLContinueButtonView.swift */ = {isa = PBXFileReference; fileEncoding = 4; lastKnownFileType = sourcecode.swift; path = MLContinueButtonView.swift; sourceTree = "<group>"; };
		45BAFBB314E6287CCAF111EA /* MLInitialViewController.swift */ = {isa = PBXFileReference; fileEncoding = 4; lastKnownFileType = sourcecode.swift; path = MLInitialViewController.swift; sourceTree = "<group>"; };
		45BAFEAF2DD01BECB41A188E /* MLPaymentStepViewModel.swift */ = {isa = PBXFileReference; fileEncoding = 4; lastKnownFileType = sourcecode.swift; path = MLPaymentStepViewModel.swift; sourceTree = "<group>"; };
		45BAFF4BE473D3CDFCD17D23 /* MLPaymentTypeView.swift */ = {isa = PBXFileReference; fileEncoding = 4; lastKnownFileType = sourcecode.swift; path = MLPaymentTypeView.swift; sourceTree = "<group>"; };
		45BAFF8C0B18A00FC0CA2365 /* MLInitialViewModelTest.swift */ = {isa = PBXFileReference; fileEncoding = 4; lastKnownFileType = sourcecode.swift; path = MLInitialViewModelTest.swift; sourceTree = "<group>"; };
		45BAFFE13DBD2407E2386CC8 /* MLServiceConfig.swift */ = {isa = PBXFileReference; fileEncoding = 4; lastKnownFileType = sourcecode.swift; path = MLServiceConfig.swift; sourceTree = "<group>"; };
		48024EF51FB3997300733DE7 /* paymentType.json */ = {isa = PBXFileReference; fileEncoding = 4; lastKnownFileType = text.json; path = paymentType.json; sourceTree = SOURCE_ROOT; };
		482E01AF1FB2A3DA004EC27D /* MLPaymentTypeViewCell.xib */ = {isa = PBXFileReference; lastKnownFileType = file.xib; path = MLPaymentTypeViewCell.xib; sourceTree = "<group>"; };
		48BE3D491FAFA8A500A8D7C5 /* MLPaymentProcess.app */ = {isa = PBXFileReference; explicitFileType = wrapper.application; includeInIndex = 0; path = MLPaymentProcess.app; sourceTree = BUILT_PRODUCTS_DIR; };
		48BE3D4C1FAFA8A600A8D7C5 /* AppDelegate.swift */ = {isa = PBXFileReference; lastKnownFileType = sourcecode.swift; path = AppDelegate.swift; sourceTree = "<group>"; };
		48BE3D4E1FAFA8A600A8D7C5 /* ViewController.swift */ = {isa = PBXFileReference; lastKnownFileType = sourcecode.swift; path = ViewController.swift; sourceTree = "<group>"; };
		48BE3D531FAFA8A600A8D7C5 /* Assets.xcassets */ = {isa = PBXFileReference; lastKnownFileType = folder.assetcatalog; path = Assets.xcassets; sourceTree = "<group>"; };
		48BE3D561FAFA8A600A8D7C5 /* Base */ = {isa = PBXFileReference; lastKnownFileType = file.storyboard; name = Base; path = Base.lproj/LaunchScreen.storyboard; sourceTree = "<group>"; };
		48BE3D581FAFA8A600A8D7C5 /* Info.plist */ = {isa = PBXFileReference; lastKnownFileType = text.plist.xml; path = Info.plist; sourceTree = "<group>"; };
		48BE3D5D1FAFA8A600A8D7C5 /* MLPaymentProcessTests.xctest */ = {isa = PBXFileReference; explicitFileType = wrapper.cfbundle; includeInIndex = 0; path = MLPaymentProcessTests.xctest; sourceTree = BUILT_PRODUCTS_DIR; };
		48BE3D611FAFA8A600A8D7C5 /* MLPaymentProcessTests.swift */ = {isa = PBXFileReference; lastKnownFileType = sourcecode.swift; path = MLPaymentProcessTests.swift; sourceTree = "<group>"; };
		48BE3D631FAFA8A600A8D7C5 /* Info.plist */ = {isa = PBXFileReference; lastKnownFileType = text.plist.xml; path = Info.plist; sourceTree = "<group>"; };
		48BE3D6E1FAFB7C400A8D7C5 /* MLContinueButtonView.xib */ = {isa = PBXFileReference; lastKnownFileType = file.xib; path = MLContinueButtonView.xib; sourceTree = "<group>"; };
		48D57DFD1FB153D6004EE3F4 /* MLPaymentTypeView.xib */ = {isa = PBXFileReference; lastKnownFileType = file.xib; path = MLPaymentTypeView.xib; sourceTree = "<group>"; };
		671A5349BAF5C1718392D78B /* Pods-MLPaymentProcess.debug.xcconfig */ = {isa = PBXFileReference; includeInIndex = 1; lastKnownFileType = text.xcconfig; name = "Pods-MLPaymentProcess.debug.xcconfig"; path = "Pods/Target Support Files/Pods-MLPaymentProcess/Pods-MLPaymentProcess.debug.xcconfig"; sourceTree = "<group>"; };
		A14A291FC5C92F3A8CDFB894 /* Pods-MLPaymentProcess.release.xcconfig */ = {isa = PBXFileReference; includeInIndex = 1; lastKnownFileType = text.xcconfig; name = "Pods-MLPaymentProcess.release.xcconfig"; path = "Pods/Target Support Files/Pods-MLPaymentProcess/Pods-MLPaymentProcess.release.xcconfig"; sourceTree = "<group>"; };
		FDE2E0584BD6DCE96D7F8637 /* Pods_MLPaymentProcessTests.framework */ = {isa = PBXFileReference; explicitFileType = wrapper.framework; includeInIndex = 0; path = Pods_MLPaymentProcessTests.framework; sourceTree = BUILT_PRODUCTS_DIR; };
/* End PBXFileReference section */

/* Begin PBXFrameworksBuildPhase section */
		48BE3D461FAFA8A500A8D7C5 /* Frameworks */ = {
			isa = PBXFrameworksBuildPhase;
			buildActionMask = 2147483647;
			files = (
				89A40E6754459449B5B1F0E1 /* Pods_MLPaymentProcess.framework in Frameworks */,
			);
			runOnlyForDeploymentPostprocessing = 0;
		};
		48BE3D5A1FAFA8A600A8D7C5 /* Frameworks */ = {
			isa = PBXFrameworksBuildPhase;
			buildActionMask = 2147483647;
			files = (
				05FBA4677B0687ACE57FB6E6 /* Pods_MLPaymentProcessTests.framework in Frameworks */,
			);
			runOnlyForDeploymentPostprocessing = 0;
		};
/* End PBXFrameworksBuildPhase section */

/* Begin PBXGroup section */
		45BAF01B39C48CB4CCDF8192 /* models */ = {
			isa = PBXGroup;
			children = (
			);
			path = models;
			sourceTree = "<group>";
		};
		45BAF0D87810EB0A38E8E09E /* services */ = {
			isa = PBXGroup;
			children = (
				45BAFAFBA9DF85DA62B71272 /* MLServiceTest.swift */,
				45BAF243B9CAA60420B5749D /* MLPaymentTypeServiceTest.swift */,
			);
			path = services;
			sourceTree = "<group>";
		};
		45BAF1CCD3CA85CCDF80725D /* uicontrollers */ = {
			isa = PBXGroup;
			children = (
				45BAFBB314E6287CCAF111EA /* MLInitialViewController.swift */,
				45BAF63472D3F3F76B881578 /* MLPaymentTypeViewController.swift */,
			);
			path = uicontrollers;
			sourceTree = "<group>";
		};
		45BAF1EB9B773E5959B0FC19 /* models */ = {
			isa = PBXGroup;
			children = (
				45BAF7C52D53D3BE99605E18 /* MLGlobalModels.swift */,
				45BAF4FE630B25F02D1A65DE /* MLUserPaymentInfo.swift */,
				45BAFA885785FFF8DF2854EE /* MLPaymentType.swift */,
			);
			path = models;
			sourceTree = "<group>";
		};
		45BAF2BCF01B840D7F410CC9 /* initialView */ = {
			isa = PBXGroup;
			children = (
				45BAFB84F0C27750779ACA10 /* MLInitialView.swift */,
				45BAF0CAC86EB90913568E52 /* MLInitialViewModel.swift */,
				45BAFB7A1931FCF38088E1DD /* MLInitialView.xib */,
			);
			path = initialView;
			sourceTree = "<group>";
		};
		45BAF34DF753784B66B854F3 /* paymentType */ = {
			isa = PBXGroup;
			children = (
			);
			path = paymentType;
			sourceTree = "<group>";
		};
		45BAF5719B00BB9510A31998 /* services */ = {
			isa = PBXGroup;
			children = (
				45BAFFE13DBD2407E2386CC8 /* MLServiceConfig.swift */,
				45BAF961D01358A6C6C4CA1E /* MLPaymentTypeRequest.swift */,
				45BAF26F8FD4344500D78CF0 /* MLService.swift */,
				45BAF42D4B25ABF162254625 /* MLPaymentTypeService.swift */,
			);
			path = services;
			sourceTree = "<group>";
		};
		45BAF57A1D806B9634985C1C /* extensions */ = {
			isa = PBXGroup;
			children = (
				45BAF8BEFEA036B273A862ED /* UITextFieldExtension.swift */,
			);
			path = extensions;
			sourceTree = "<group>";
		};
		45BAF5EA266B1CCC018457B9 /* controllers */ = {
			isa = PBXGroup;
			children = (
				45BAF0D99A81164E91684783 /* MLFlowController.swift */,
			);
			path = controllers;
			sourceTree = "<group>";
		};
		45BAF6EFECAF3551F2E7FDBE /* uicontrollers */ = {
			isa = PBXGroup;
			children = (
				45BAF051DCFD2A8BA39CEEFC /* MLNavigationControllerMock.swift */,
			);
			path = uicontrollers;
			sourceTree = "<group>";
		};
		45BAF77C5012CD338E866C1B /* views */ = {
			isa = PBXGroup;
			children = (
				45BAF2BCF01B840D7F410CC9 /* initialView */,
				45BAFF6CDA8D65B239F53AF0 /* components */,
				45BAF57A1D806B9634985C1C /* extensions */,
				45BAFF018C47A4AF8BEDDE5C /* paymentType */,
				45BAFEAF2DD01BECB41A188E /* MLPaymentStepViewModel.swift */,
			);
			path = views;
			sourceTree = "<group>";
		};
		45BAFBA8ED898CDFC766A127 /* controllers */ = {
			isa = PBXGroup;
			children = (
				45BAF3002C1B703F744E3658 /* MLFlowControllerTest.swift */,
			);
			path = controllers;
			sourceTree = "<group>";
		};
		45BAFDA8447D0564D45554F7 /* views */ = {
			isa = PBXGroup;
			children = (
				45BAFFEBE46B46FCE18DCCDD /* initialView */,
				45BAF34DF753784B66B854F3 /* paymentType */,
			);
			path = views;
			sourceTree = "<group>";
		};
		45BAFF018C47A4AF8BEDDE5C /* paymentType */ = {
			isa = PBXGroup;
			children = (
				48D57DFD1FB153D6004EE3F4 /* MLPaymentTypeView.xib */,
				45BAFF4BE473D3CDFCD17D23 /* MLPaymentTypeView.swift */,
				45BAF8E54AA250395215AEE8 /* MLPaymentTypeViewModel.swift */,
				482E01AF1FB2A3DA004EC27D /* MLPaymentTypeViewCell.xib */,
				45BAF4B8F67D29D09BC4BACB /* MLPaymentTypeViewCell.swift */,
			);
			path = paymentType;
			sourceTree = "<group>";
		};
		45BAFF6CDA8D65B239F53AF0 /* components */ = {
			isa = PBXGroup;
			children = (
				48BE3D6E1FAFB7C400A8D7C5 /* MLContinueButtonView.xib */,
				45BAFBB311CE77A9339F801A /* MLContinueButtonView.swift */,
				45BAF39F3AC70CB002014633 /* MLDesignableView.swift */,
			);
			path = components;
			sourceTree = "<group>";
		};
		45BAFFEBE46B46FCE18DCCDD /* initialView */ = {
			isa = PBXGroup;
			children = (
				45BAFF8C0B18A00FC0CA2365 /* MLInitialViewModelTest.swift */,
			);
			path = initialView;
			sourceTree = "<group>";
		};
		48BE3D401FAFA8A500A8D7C5 = {
			isa = PBXGroup;
			children = (
				48BE3D4B1FAFA8A600A8D7C5 /* MLPaymentProcess */,
				48BE3D601FAFA8A600A8D7C5 /* MLPaymentProcessTests */,
				48BE3D4A1FAFA8A500A8D7C5 /* Products */,
				BC261093F50557A9FA9391E9 /* Pods */,
				A7AA45BC3C0B9CA5349A2D3C /* Frameworks */,
			);
			sourceTree = "<group>";
		};
		48BE3D4A1FAFA8A500A8D7C5 /* Products */ = {
			isa = PBXGroup;
			children = (
				48BE3D491FAFA8A500A8D7C5 /* MLPaymentProcess.app */,
				48BE3D5D1FAFA8A600A8D7C5 /* MLPaymentProcessTests.xctest */,
			);
			name = Products;
			sourceTree = "<group>";
		};
		48BE3D4B1FAFA8A600A8D7C5 /* MLPaymentProcess */ = {
			isa = PBXGroup;
			children = (
				48BE3D4C1FAFA8A600A8D7C5 /* AppDelegate.swift */,
				48BE3D4E1FAFA8A600A8D7C5 /* ViewController.swift */,
				48BE3D531FAFA8A600A8D7C5 /* Assets.xcassets */,
				48BE3D551FAFA8A600A8D7C5 /* LaunchScreen.storyboard */,
				48BE3D581FAFA8A600A8D7C5 /* Info.plist */,
				45BAF1CCD3CA85CCDF80725D /* uicontrollers */,
				45BAF1EB9B773E5959B0FC19 /* models */,
				45BAF77C5012CD338E866C1B /* views */,
				45BAF5EA266B1CCC018457B9 /* controllers */,
				45BAF5719B00BB9510A31998 /* services */,
			);
			path = MLPaymentProcess;
			sourceTree = "<group>";
		};
		48BE3D601FAFA8A600A8D7C5 /* MLPaymentProcessTests */ = {
			isa = PBXGroup;
			children = (
				48024EF51FB3997300733DE7 /* paymentType.json */,
				48BE3D611FAFA8A600A8D7C5 /* MLPaymentProcessTests.swift */,
				48BE3D631FAFA8A600A8D7C5 /* Info.plist */,
				45BAF01B39C48CB4CCDF8192 /* models */,
				45BAFBA8ED898CDFC766A127 /* controllers */,
				45BAF6EFECAF3551F2E7FDBE /* uicontrollers */,
				45BAFDA8447D0564D45554F7 /* views */,
				45BAF0D87810EB0A38E8E09E /* services */,
			);
			path = MLPaymentProcessTests;
			sourceTree = "<group>";
		};
		A7AA45BC3C0B9CA5349A2D3C /* Frameworks */ = {
			isa = PBXGroup;
			children = (
				44506CF00BCEC940965D6D1D /* Pods_MLPaymentProcess.framework */,
				FDE2E0584BD6DCE96D7F8637 /* Pods_MLPaymentProcessTests.framework */,
			);
			name = Frameworks;
			sourceTree = "<group>";
		};
		BC261093F50557A9FA9391E9 /* Pods */ = {
			isa = PBXGroup;
			children = (
				671A5349BAF5C1718392D78B /* Pods-MLPaymentProcess.debug.xcconfig */,
				A14A291FC5C92F3A8CDFB894 /* Pods-MLPaymentProcess.release.xcconfig */,
				3C222686C4843F0FCF00EFB8 /* Pods-MLPaymentProcessTests.debug.xcconfig */,
				39EBECAC1956543E2BAA5487 /* Pods-MLPaymentProcessTests.release.xcconfig */,
			);
			name = Pods;
			sourceTree = "<group>";
		};
/* End PBXGroup section */

/* Begin PBXNativeTarget section */
		48BE3D481FAFA8A500A8D7C5 /* MLPaymentProcess */ = {
			isa = PBXNativeTarget;
			buildConfigurationList = 48BE3D661FAFA8A600A8D7C5 /* Build configuration list for PBXNativeTarget "MLPaymentProcess" */;
			buildPhases = (
				B93726B8D4710CC365D4D8B9 /* [CP] Check Pods Manifest.lock */,
				48BE3D451FAFA8A500A8D7C5 /* Sources */,
				48BE3D461FAFA8A500A8D7C5 /* Frameworks */,
				48BE3D471FAFA8A500A8D7C5 /* Resources */,
				2B0E2200E811A6D1C93B5BAC /* [CP] Embed Pods Frameworks */,
				62747D438442EF27047A0AB1 /* [CP] Copy Pods Resources */,
			);
			buildRules = (
			);
			dependencies = (
			);
			name = MLPaymentProcess;
			productName = MLPaymentProcess;
			productReference = 48BE3D491FAFA8A500A8D7C5 /* MLPaymentProcess.app */;
			productType = "com.apple.product-type.application";
		};
		48BE3D5C1FAFA8A600A8D7C5 /* MLPaymentProcessTests */ = {
			isa = PBXNativeTarget;
			buildConfigurationList = 48BE3D691FAFA8A600A8D7C5 /* Build configuration list for PBXNativeTarget "MLPaymentProcessTests" */;
			buildPhases = (
				004671C3A77AA7D2D6F7F0DF /* [CP] Check Pods Manifest.lock */,
				48BE3D591FAFA8A600A8D7C5 /* Sources */,
				48BE3D5A1FAFA8A600A8D7C5 /* Frameworks */,
				48BE3D5B1FAFA8A600A8D7C5 /* Resources */,
				2E1CC97A631EE83123D7894E /* [CP] Embed Pods Frameworks */,
				315B1B92EF9D79866131D7CC /* [CP] Copy Pods Resources */,
			);
			buildRules = (
			);
			dependencies = (
				48BE3D5F1FAFA8A600A8D7C5 /* PBXTargetDependency */,
			);
			name = MLPaymentProcessTests;
			productName = MLPaymentProcessTests;
			productReference = 48BE3D5D1FAFA8A600A8D7C5 /* MLPaymentProcessTests.xctest */;
			productType = "com.apple.product-type.bundle.unit-test";
		};
/* End PBXNativeTarget section */

/* Begin PBXProject section */
		48BE3D411FAFA8A500A8D7C5 /* Project object */ = {
			isa = PBXProject;
			attributes = {
				LastSwiftUpdateCheck = 0900;
				LastUpgradeCheck = 0900;
				ORGANIZATIONNAME = "MIGUEL MOLDES";
				TargetAttributes = {
					48BE3D481FAFA8A500A8D7C5 = {
						CreatedOnToolsVersion = 9.0.1;
						ProvisioningStyle = Manual;
					};
					48BE3D5C1FAFA8A600A8D7C5 = {
						CreatedOnToolsVersion = 9.0.1;
						ProvisioningStyle = Automatic;
						TestTargetID = 48BE3D481FAFA8A500A8D7C5;
					};
				};
			};
			buildConfigurationList = 48BE3D441FAFA8A500A8D7C5 /* Build configuration list for PBXProject "MLPaymentProcess" */;
			compatibilityVersion = "Xcode 8.0";
			developmentRegion = en;
			hasScannedForEncodings = 0;
			knownRegions = (
				en,
				Base,
			);
			mainGroup = 48BE3D401FAFA8A500A8D7C5;
			productRefGroup = 48BE3D4A1FAFA8A500A8D7C5 /* Products */;
			projectDirPath = "";
			projectRoot = "";
			targets = (
				48BE3D481FAFA8A500A8D7C5 /* MLPaymentProcess */,
				48BE3D5C1FAFA8A600A8D7C5 /* MLPaymentProcessTests */,
			);
		};
/* End PBXProject section */

/* Begin PBXResourcesBuildPhase section */
		48BE3D471FAFA8A500A8D7C5 /* Resources */ = {
			isa = PBXResourcesBuildPhase;
			buildActionMask = 2147483647;
			files = (
				48D57DFE1FB153D6004EE3F4 /* MLPaymentTypeView.xib in Resources */,
				48BE3D571FAFA8A600A8D7C5 /* LaunchScreen.storyboard in Resources */,
				48BE3D541FAFA8A600A8D7C5 /* Assets.xcassets in Resources */,
				48BE3D6F1FAFB7C400A8D7C5 /* MLContinueButtonView.xib in Resources */,
				482E01B01FB2A3DA004EC27D /* MLPaymentTypeViewCell.xib in Resources */,
				45BAF20995E70B769FD6F95A /* MLInitialView.xib in Resources */,
			);
			runOnlyForDeploymentPostprocessing = 0;
		};
		48BE3D5B1FAFA8A600A8D7C5 /* Resources */ = {
			isa = PBXResourcesBuildPhase;
			buildActionMask = 2147483647;
			files = (
				48024EF61FB3997300733DE7 /* paymentType.json in Resources */,
			);
			runOnlyForDeploymentPostprocessing = 0;
		};
/* End PBXResourcesBuildPhase section */

/* Begin PBXShellScriptBuildPhase section */
		004671C3A77AA7D2D6F7F0DF /* [CP] Check Pods Manifest.lock */ = {
			isa = PBXShellScriptBuildPhase;
			buildActionMask = 2147483647;
			files = (
			);
			inputPaths = (
				"${PODS_PODFILE_DIR_PATH}/Podfile.lock",
				"${PODS_ROOT}/Manifest.lock",
			);
			name = "[CP] Check Pods Manifest.lock";
			outputPaths = (
				"$(DERIVED_FILE_DIR)/Pods-MLPaymentProcessTests-checkManifestLockResult.txt",
			);
			runOnlyForDeploymentPostprocessing = 0;
			shellPath = /bin/sh;
			shellScript = "diff \"${PODS_PODFILE_DIR_PATH}/Podfile.lock\" \"${PODS_ROOT}/Manifest.lock\" > /dev/null\nif [ $? != 0 ] ; then\n    # print error to STDERR\n    echo \"error: The sandbox is not in sync with the Podfile.lock. Run 'pod install' or update your CocoaPods installation.\" >&2\n    exit 1\nfi\n# This output is used by Xcode 'outputs' to avoid re-running this script phase.\necho \"SUCCESS\" > \"${SCRIPT_OUTPUT_FILE_0}\"\n";
			showEnvVarsInLog = 0;
		};
		2B0E2200E811A6D1C93B5BAC /* [CP] Embed Pods Frameworks */ = {
			isa = PBXShellScriptBuildPhase;
			buildActionMask = 2147483647;
			files = (
			);
			inputPaths = (
				"${SRCROOT}/Pods/Target Support Files/Pods-MLPaymentProcess/Pods-MLPaymentProcess-frameworks.sh",
				"${BUILT_PRODUCTS_DIR}/Alamofire/Alamofire.framework",
				"${BUILT_PRODUCTS_DIR}/PromiseKit/PromiseKit.framework",
				"${BUILT_PRODUCTS_DIR}/RxCocoa/RxCocoa.framework",
				"${BUILT_PRODUCTS_DIR}/RxSwift/RxSwift.framework",
			);
			name = "[CP] Embed Pods Frameworks";
			outputPaths = (
				"${TARGET_BUILD_DIR}/${FRAMEWORKS_FOLDER_PATH}/Alamofire.framework",
				"${TARGET_BUILD_DIR}/${FRAMEWORKS_FOLDER_PATH}/PromiseKit.framework",
				"${TARGET_BUILD_DIR}/${FRAMEWORKS_FOLDER_PATH}/RxCocoa.framework",
				"${TARGET_BUILD_DIR}/${FRAMEWORKS_FOLDER_PATH}/RxSwift.framework",
			);
			runOnlyForDeploymentPostprocessing = 0;
			shellPath = /bin/sh;
			shellScript = "\"${SRCROOT}/Pods/Target Support Files/Pods-MLPaymentProcess/Pods-MLPaymentProcess-frameworks.sh\"\n";
			showEnvVarsInLog = 0;
		};
		2E1CC97A631EE83123D7894E /* [CP] Embed Pods Frameworks */ = {
			isa = PBXShellScriptBuildPhase;
			buildActionMask = 2147483647;
			files = (
			);
			inputPaths = (
				"${SRCROOT}/Pods/Target Support Files/Pods-MLPaymentProcessTests/Pods-MLPaymentProcessTests-frameworks.sh",
				"${BUILT_PRODUCTS_DIR}/Alamofire/Alamofire.framework",
				"${BUILT_PRODUCTS_DIR}/PromiseKit/PromiseKit.framework",
				"${BUILT_PRODUCTS_DIR}/RxCocoa/RxCocoa.framework",
				"${BUILT_PRODUCTS_DIR}/RxSwift/RxSwift.framework",
				"${BUILT_PRODUCTS_DIR}/OHHTTPStubs/OHHTTPStubs.framework",
			);
			name = "[CP] Embed Pods Frameworks";
			outputPaths = (
				"${TARGET_BUILD_DIR}/${FRAMEWORKS_FOLDER_PATH}/Alamofire.framework",
				"${TARGET_BUILD_DIR}/${FRAMEWORKS_FOLDER_PATH}/PromiseKit.framework",
				"${TARGET_BUILD_DIR}/${FRAMEWORKS_FOLDER_PATH}/RxCocoa.framework",
				"${TARGET_BUILD_DIR}/${FRAMEWORKS_FOLDER_PATH}/RxSwift.framework",
				"${TARGET_BUILD_DIR}/${FRAMEWORKS_FOLDER_PATH}/OHHTTPStubs.framework",
			);
			runOnlyForDeploymentPostprocessing = 0;
			shellPath = /bin/sh;
			shellScript = "\"${SRCROOT}/Pods/Target Support Files/Pods-MLPaymentProcessTests/Pods-MLPaymentProcessTests-frameworks.sh\"\n";
			showEnvVarsInLog = 0;
		};
		315B1B92EF9D79866131D7CC /* [CP] Copy Pods Resources */ = {
			isa = PBXShellScriptBuildPhase;
			buildActionMask = 2147483647;
			files = (
			);
			inputPaths = (
			);
			name = "[CP] Copy Pods Resources";
			outputPaths = (
			);
			runOnlyForDeploymentPostprocessing = 0;
			shellPath = /bin/sh;
			shellScript = "\"${SRCROOT}/Pods/Target Support Files/Pods-MLPaymentProcessTests/Pods-MLPaymentProcessTests-resources.sh\"\n";
			showEnvVarsInLog = 0;
		};
		62747D438442EF27047A0AB1 /* [CP] Copy Pods Resources */ = {
			isa = PBXShellScriptBuildPhase;
			buildActionMask = 2147483647;
			files = (
			);
			inputPaths = (
			);
			name = "[CP] Copy Pods Resources";
			outputPaths = (
			);
			runOnlyForDeploymentPostprocessing = 0;
			shellPath = /bin/sh;
			shellScript = "\"${SRCROOT}/Pods/Target Support Files/Pods-MLPaymentProcess/Pods-MLPaymentProcess-resources.sh\"\n";
			showEnvVarsInLog = 0;
		};
		B93726B8D4710CC365D4D8B9 /* [CP] Check Pods Manifest.lock */ = {
			isa = PBXShellScriptBuildPhase;
			buildActionMask = 2147483647;
			files = (
			);
			inputPaths = (
				"${PODS_PODFILE_DIR_PATH}/Podfile.lock",
				"${PODS_ROOT}/Manifest.lock",
			);
			name = "[CP] Check Pods Manifest.lock";
			outputPaths = (
				"$(DERIVED_FILE_DIR)/Pods-MLPaymentProcess-checkManifestLockResult.txt",
			);
			runOnlyForDeploymentPostprocessing = 0;
			shellPath = /bin/sh;
			shellScript = "diff \"${PODS_PODFILE_DIR_PATH}/Podfile.lock\" \"${PODS_ROOT}/Manifest.lock\" > /dev/null\nif [ $? != 0 ] ; then\n    # print error to STDERR\n    echo \"error: The sandbox is not in sync with the Podfile.lock. Run 'pod install' or update your CocoaPods installation.\" >&2\n    exit 1\nfi\n# This output is used by Xcode 'outputs' to avoid re-running this script phase.\necho \"SUCCESS\" > \"${SCRIPT_OUTPUT_FILE_0}\"\n";
			showEnvVarsInLog = 0;
		};
/* End PBXShellScriptBuildPhase section */

/* Begin PBXSourcesBuildPhase section */
		48BE3D451FAFA8A500A8D7C5 /* Sources */ = {
			isa = PBXSourcesBuildPhase;
			buildActionMask = 2147483647;
			files = (
				48BE3D4F1FAFA8A600A8D7C5 /* ViewController.swift in Sources */,
				48BE3D4D1FAFA8A600A8D7C5 /* AppDelegate.swift in Sources */,
				45BAF65F9C8385FAB570CAA6 /* MLInitialViewController.swift in Sources */,
				45BAF8AA35C12E8AA6DA8176 /* MLInitialView.swift in Sources */,
				45BAF94052E138F11255413A /* MLInitialViewModel.swift in Sources */,
				45BAFA6C064D2ABA3A839B25 /* MLContinueButtonView.swift in Sources */,
				45BAF8D34AD702C7DD70376D /* MLDesignableView.swift in Sources */,
				45BAF47D8CE9CED362E3CB68 /* MLGlobalModels.swift in Sources */,
				45BAF21C4C5EE562CD61A8C8 /* MLFlowController.swift in Sources */,
				45BAFB9A83EF2CDF35DEBEE8 /* MLUserPaymentInfo.swift in Sources */,
				45BAFD7FA245E568EA105241 /* UITextFieldExtension.swift in Sources */,
				45BAF18C43EB010841C7B3CD /* MLPaymentTypeViewController.swift in Sources */,
				45BAF8CFEFAD6A03B6609AC1 /* MLPaymentTypeView.swift in Sources */,
				45BAF61D44C377B74623346F /* MLPaymentTypeViewModel.swift in Sources */,
				45BAF2FFE8328F67F056454F /* MLPaymentStepViewModel.swift in Sources */,
				45BAFBA93B41D4EFD33CA23D /* MLServiceConfig.swift in Sources */,
				45BAF393AA48C4B43DEAEA68 /* MLPaymentTypeRequest.swift in Sources */,
				45BAF4BDF1F027F61404FF16 /* MLService.swift in Sources */,
				45BAF36F313C7D5E9361B5EA /* MLPaymentTypeService.swift in Sources */,
				45BAFFCC5C8E6420EC5E5CFF /* MLPaymentType.swift in Sources */,
				45BAF155F36F639CE4B39E27 /* MLPaymentTypeViewCell.swift in Sources */,
			);
			runOnlyForDeploymentPostprocessing = 0;
		};
		48BE3D591FAFA8A600A8D7C5 /* Sources */ = {
			isa = PBXSourcesBuildPhase;
			buildActionMask = 2147483647;
			files = (
				48BE3D621FAFA8A600A8D7C5 /* MLPaymentProcessTests.swift in Sources */,
				45BAF876774648F443EC2517 /* MLFlowControllerTest.swift in Sources */,
				45BAF2CF98F980B492DEC969 /* MLNavigationControllerMock.swift in Sources */,
				45BAF3DB2C398CCE82BE7D9B /* MLInitialViewModelTest.swift in Sources */,
				45BAFCAA2E744E438C6CB1FB /* MLServiceTest.swift in Sources */,
				45BAFD5C28CFD331BD918436 /* MLPaymentTypeServiceTest.swift in Sources */,
			);
			runOnlyForDeploymentPostprocessing = 0;
		};
/* End PBXSourcesBuildPhase section */

/* Begin PBXTargetDependency section */
		48BE3D5F1FAFA8A600A8D7C5 /* PBXTargetDependency */ = {
			isa = PBXTargetDependency;
			target = 48BE3D481FAFA8A500A8D7C5 /* MLPaymentProcess */;
			targetProxy = 48BE3D5E1FAFA8A600A8D7C5 /* PBXContainerItemProxy */;
		};
/* End PBXTargetDependency section */

/* Begin PBXVariantGroup section */
		48BE3D551FAFA8A600A8D7C5 /* LaunchScreen.storyboard */ = {
			isa = PBXVariantGroup;
			children = (
				48BE3D561FAFA8A600A8D7C5 /* Base */,
			);
			name = LaunchScreen.storyboard;
			sourceTree = "<group>";
		};
/* End PBXVariantGroup section */

/* Begin XCBuildConfiguration section */
		48BE3D641FAFA8A600A8D7C5 /* Debug */ = {
			isa = XCBuildConfiguration;
			buildSettings = {
				ALWAYS_SEARCH_USER_PATHS = NO;
				CLANG_ANALYZER_NONNULL = YES;
				CLANG_ANALYZER_NUMBER_OBJECT_CONVERSION = YES_AGGRESSIVE;
				CLANG_CXX_LANGUAGE_STANDARD = "gnu++14";
				CLANG_CXX_LIBRARY = "libc++";
				CLANG_ENABLE_MODULES = YES;
				CLANG_ENABLE_OBJC_ARC = YES;
				CLANG_WARN_BLOCK_CAPTURE_AUTORELEASING = YES;
				CLANG_WARN_BOOL_CONVERSION = YES;
				CLANG_WARN_COMMA = YES;
				CLANG_WARN_CONSTANT_CONVERSION = YES;
				CLANG_WARN_DIRECT_OBJC_ISA_USAGE = YES_ERROR;
				CLANG_WARN_DOCUMENTATION_COMMENTS = YES;
				CLANG_WARN_EMPTY_BODY = YES;
				CLANG_WARN_ENUM_CONVERSION = YES;
				CLANG_WARN_INFINITE_RECURSION = YES;
				CLANG_WARN_INT_CONVERSION = YES;
				CLANG_WARN_NON_LITERAL_NULL_CONVERSION = YES;
				CLANG_WARN_OBJC_LITERAL_CONVERSION = YES;
				CLANG_WARN_OBJC_ROOT_CLASS = YES_ERROR;
				CLANG_WARN_RANGE_LOOP_ANALYSIS = YES;
				CLANG_WARN_STRICT_PROTOTYPES = YES;
				CLANG_WARN_SUSPICIOUS_MOVE = YES;
				CLANG_WARN_UNGUARDED_AVAILABILITY = YES_AGGRESSIVE;
				CLANG_WARN_UNREACHABLE_CODE = YES;
				CLANG_WARN__DUPLICATE_METHOD_MATCH = YES;
				CODE_SIGN_IDENTITY = "iPhone Developer";
				COPY_PHASE_STRIP = NO;
				DEBUG_INFORMATION_FORMAT = dwarf;
				ENABLE_STRICT_OBJC_MSGSEND = YES;
				ENABLE_TESTABILITY = YES;
				GCC_C_LANGUAGE_STANDARD = gnu11;
				GCC_DYNAMIC_NO_PIC = NO;
				GCC_NO_COMMON_BLOCKS = YES;
				GCC_OPTIMIZATION_LEVEL = 0;
				GCC_PREPROCESSOR_DEFINITIONS = (
					"DEBUG=1",
					"$(inherited)",
				);
				GCC_WARN_64_TO_32_BIT_CONVERSION = YES;
				GCC_WARN_ABOUT_RETURN_TYPE = YES_ERROR;
				GCC_WARN_UNDECLARED_SELECTOR = YES;
				GCC_WARN_UNINITIALIZED_AUTOS = YES_AGGRESSIVE;
				GCC_WARN_UNUSED_FUNCTION = YES;
				GCC_WARN_UNUSED_VARIABLE = YES;
				IPHONEOS_DEPLOYMENT_TARGET = 10.0;
				MTL_ENABLE_DEBUG_INFO = YES;
				ONLY_ACTIVE_ARCH = YES;
				SDKROOT = iphoneos;
				SWIFT_ACTIVE_COMPILATION_CONDITIONS = DEBUG;
				SWIFT_OPTIMIZATION_LEVEL = "-Onone";
			};
			name = Debug;
		};
		48BE3D651FAFA8A600A8D7C5 /* Release */ = {
			isa = XCBuildConfiguration;
			buildSettings = {
				ALWAYS_SEARCH_USER_PATHS = NO;
				CLANG_ANALYZER_NONNULL = YES;
				CLANG_ANALYZER_NUMBER_OBJECT_CONVERSION = YES_AGGRESSIVE;
				CLANG_CXX_LANGUAGE_STANDARD = "gnu++14";
				CLANG_CXX_LIBRARY = "libc++";
				CLANG_ENABLE_MODULES = YES;
				CLANG_ENABLE_OBJC_ARC = YES;
				CLANG_WARN_BLOCK_CAPTURE_AUTORELEASING = YES;
				CLANG_WARN_BOOL_CONVERSION = YES;
				CLANG_WARN_COMMA = YES;
				CLANG_WARN_CONSTANT_CONVERSION = YES;
				CLANG_WARN_DIRECT_OBJC_ISA_USAGE = YES_ERROR;
				CLANG_WARN_DOCUMENTATION_COMMENTS = YES;
				CLANG_WARN_EMPTY_BODY = YES;
				CLANG_WARN_ENUM_CONVERSION = YES;
				CLANG_WARN_INFINITE_RECURSION = YES;
				CLANG_WARN_INT_CONVERSION = YES;
				CLANG_WARN_NON_LITERAL_NULL_CONVERSION = YES;
				CLANG_WARN_OBJC_LITERAL_CONVERSION = YES;
				CLANG_WARN_OBJC_ROOT_CLASS = YES_ERROR;
				CLANG_WARN_RANGE_LOOP_ANALYSIS = YES;
				CLANG_WARN_STRICT_PROTOTYPES = YES;
				CLANG_WARN_SUSPICIOUS_MOVE = YES;
				CLANG_WARN_UNGUARDED_AVAILABILITY = YES_AGGRESSIVE;
				CLANG_WARN_UNREACHABLE_CODE = YES;
				CLANG_WARN__DUPLICATE_METHOD_MATCH = YES;
				CODE_SIGN_IDENTITY = "iPhone Developer";
				COPY_PHASE_STRIP = NO;
				DEBUG_INFORMATION_FORMAT = "dwarf-with-dsym";
				ENABLE_NS_ASSERTIONS = NO;
				ENABLE_STRICT_OBJC_MSGSEND = YES;
				GCC_C_LANGUAGE_STANDARD = gnu11;
				GCC_NO_COMMON_BLOCKS = YES;
				GCC_WARN_64_TO_32_BIT_CONVERSION = YES;
				GCC_WARN_ABOUT_RETURN_TYPE = YES_ERROR;
				GCC_WARN_UNDECLARED_SELECTOR = YES;
				GCC_WARN_UNINITIALIZED_AUTOS = YES_AGGRESSIVE;
				GCC_WARN_UNUSED_FUNCTION = YES;
				GCC_WARN_UNUSED_VARIABLE = YES;
				IPHONEOS_DEPLOYMENT_TARGET = 10.0;
				MTL_ENABLE_DEBUG_INFO = NO;
				SDKROOT = iphoneos;
				SWIFT_OPTIMIZATION_LEVEL = "-Owholemodule";
				VALIDATE_PRODUCT = YES;
			};
			name = Release;
		};
		48BE3D671FAFA8A600A8D7C5 /* Debug */ = {
			isa = XCBuildConfiguration;
			baseConfigurationReference = 671A5349BAF5C1718392D78B /* Pods-MLPaymentProcess.debug.xcconfig */;
			buildSettings = {
				ASSETCATALOG_COMPILER_APPICON_NAME = AppIcon;
				CODE_SIGN_STYLE = Manual;
				DEVELOPMENT_TEAM = "";
				INFOPLIST_FILE = MLPaymentProcess/Info.plist;
				LD_RUNPATH_SEARCH_PATHS = "$(inherited) @executable_path/Frameworks";
				PRODUCT_BUNDLE_IDENTIFIER = com.miguelmoldes.MLPaymentProcess;
				PRODUCT_NAME = "$(TARGET_NAME)";
				PROVISIONING_PROFILE_SPECIFIER = "";
				SWIFT_VERSION = 4.0;
				TARGETED_DEVICE_FAMILY = "1,2";
			};
			name = Debug;
		};
		48BE3D681FAFA8A600A8D7C5 /* Release */ = {
			isa = XCBuildConfiguration;
			baseConfigurationReference = A14A291FC5C92F3A8CDFB894 /* Pods-MLPaymentProcess.release.xcconfig */;
			buildSettings = {
				ASSETCATALOG_COMPILER_APPICON_NAME = AppIcon;
				CODE_SIGN_STYLE = Manual;
				DEVELOPMENT_TEAM = "";
				INFOPLIST_FILE = MLPaymentProcess/Info.plist;
				LD_RUNPATH_SEARCH_PATHS = "$(inherited) @executable_path/Frameworks";
				PRODUCT_BUNDLE_IDENTIFIER = com.miguelmoldes.MLPaymentProcess;
				PRODUCT_NAME = "$(TARGET_NAME)";
				PROVISIONING_PROFILE_SPECIFIER = "";
				SWIFT_VERSION = 4.0;
				TARGETED_DEVICE_FAMILY = "1,2";
			};
			name = Release;
		};
		48BE3D6A1FAFA8A600A8D7C5 /* Debug */ = {
			isa = XCBuildConfiguration;
			baseConfigurationReference = 3C222686C4843F0FCF00EFB8 /* Pods-MLPaymentProcessTests.debug.xcconfig */;
			buildSettings = {
				ALWAYS_EMBED_SWIFT_STANDARD_LIBRARIES = YES;
				BUNDLE_LOADER = "$(TEST_HOST)";
				CODE_SIGN_STYLE = Automatic;
				INFOPLIST_FILE = MLPaymentProcessTests/Info.plist;
				LD_RUNPATH_SEARCH_PATHS = "$(inherited) @executable_path/Frameworks @loader_path/Frameworks";
				PRODUCT_BUNDLE_IDENTIFIER = com.miguelmoldes.MLPaymentProcessTests;
				PRODUCT_NAME = "$(TARGET_NAME)";
				SWIFT_VERSION = 4.0;
				TARGETED_DEVICE_FAMILY = "1,2";
				TEST_HOST = "$(BUILT_PRODUCTS_DIR)/MLPaymentProcess.app/MLPaymentProcess";
			};
			name = Debug;
		};
		48BE3D6B1FAFA8A600A8D7C5 /* Release */ = {
			isa = XCBuildConfiguration;
			baseConfigurationReference = 39EBECAC1956543E2BAA5487 /* Pods-MLPaymentProcessTests.release.xcconfig */;
			buildSettings = {
				ALWAYS_EMBED_SWIFT_STANDARD_LIBRARIES = YES;
				BUNDLE_LOADER = "$(TEST_HOST)";
				CODE_SIGN_STYLE = Automatic;
				INFOPLIST_FILE = MLPaymentProcessTests/Info.plist;
				LD_RUNPATH_SEARCH_PATHS = "$(inherited) @executable_path/Frameworks @loader_path/Frameworks";
				PRODUCT_BUNDLE_IDENTIFIER = com.miguelmoldes.MLPaymentProcessTests;
				PRODUCT_NAME = "$(TARGET_NAME)";
				SWIFT_VERSION = 4.0;
				TARGETED_DEVICE_FAMILY = "1,2";
				TEST_HOST = "$(BUILT_PRODUCTS_DIR)/MLPaymentProcess.app/MLPaymentProcess";
			};
			name = Release;
		};
/* End XCBuildConfiguration section */

/* Begin XCConfigurationList section */
		48BE3D441FAFA8A500A8D7C5 /* Build configuration list for PBXProject "MLPaymentProcess" */ = {
			isa = XCConfigurationList;
			buildConfigurations = (
				48BE3D641FAFA8A600A8D7C5 /* Debug */,
				48BE3D651FAFA8A600A8D7C5 /* Release */,
			);
			defaultConfigurationIsVisible = 0;
			defaultConfigurationName = Release;
		};
		48BE3D661FAFA8A600A8D7C5 /* Build configuration list for PBXNativeTarget "MLPaymentProcess" */ = {
			isa = XCConfigurationList;
			buildConfigurations = (
				48BE3D671FAFA8A600A8D7C5 /* Debug */,
				48BE3D681FAFA8A600A8D7C5 /* Release */,
			);
			defaultConfigurationIsVisible = 0;
			defaultConfigurationName = Release;
		};
		48BE3D691FAFA8A600A8D7C5 /* Build configuration list for PBXNativeTarget "MLPaymentProcessTests" */ = {
			isa = XCConfigurationList;
			buildConfigurations = (
				48BE3D6A1FAFA8A600A8D7C5 /* Debug */,
				48BE3D6B1FAFA8A600A8D7C5 /* Release */,
			);
			defaultConfigurationIsVisible = 0;
			defaultConfigurationName = Release;
		};
/* End XCConfigurationList section */
	};
	rootObject = 48BE3D411FAFA8A500A8D7C5 /* Project object */;
}
